
Microsoft Visual Studio Solution File, Format Version 12.00
# Visual Studio 15
VisualStudioVersion = 15.0.28010.2016
MinimumVisualStudioVersion = 10.0.40219.1
Project("{FAE04EC0-301F-11D3-BF4B-00C04F79EFBC}") = "WindowsFormsApp1", "WindowsFormsApp1\WindowsFormsApp1.csproj", "{B7D51B4E-F17C-471A-9513-F40611E831EB}"
EndProject
Global
	GlobalSection(SolutionConfigurationPlatforms) = preSolution
		Debug|Any CPU = Debug|Any CPU
		Release|Any CPU = Release|Any CPU
	EndGlobalSection
	GlobalSection(ProjectConfigurationPlatforms) = postSolution
		{B7D51B4E-F17C-471A-9513-F40611E831EB}.Debug|Any CPU.ActiveCfg = Debug|Any CPU
		{B7D51B4E-F17C-471A-9513-F40611E831EB}.Debug|Any CPU.Build.0 = Debug|Any CPU
		{B7D51B4E-F17C-471A-9513-F40611E831EB}.Release|Any CPU.ActiveCfg = Release|Any CPU
		{B7D51B4E-F17C-471A-9513-F40611E831EB}.Release|Any CPU.Build.0 = Release|Any CPU
	EndGlobalSection
	GlobalSection(SolutionProperties) = preSolution
		HideSolutionNode = FALSE
	EndGlobalSection
	GlobalSection(ExtensibilityGlobals) = postSolution
		SolutionGuid = {FCBE21D1-9EB2-4532-8223-892E21F2C85F}
	EndGlobalSection
EndGlobal
